
Microsoft Visual Studio Solution File, Format Version 12.00
# Visual Studio Version 17
VisualStudioVersion = 17.12.35728.132
MinimumVisualStudioVersion = 10.0.40219.1
Project("{FAE04EC0-301F-11D3-BF4B-00C04F79EFBC}") = "pact", "pact\pact.csproj", "{6FBCD41F-6BC3-45AA-A0CB-EC85E57C4CD2}"
EndProject
Project("{2150E333-8FDC-42A3-9474-1A3956D46DE8}") = "Solution Items", "Solution Items", "{04E50D0B-4A8B-42AE-A4D6-BE9AC4770F57}"
	ProjectSection(SolutionItems) = preProject
		.gitignore = .gitignore
	EndProjectSection
EndProject
Global
	GlobalSection(SolutionConfigurationPlatforms) = preSolution
		Debug|Any CPU = Debug|Any CPU
		Release|Any CPU = Release|Any CPU
	EndGlobalSection
	GlobalSection(ProjectConfigurationPlatforms) = postSolution
		{6FBCD41F-6BC3-45AA-A0CB-EC85E57C4CD2}.Debug|Any CPU.ActiveCfg = Debug|Any CPU
		{6FBCD41F-6BC3-45AA-A0CB-EC85E57C4CD2}.Debug|Any CPU.Build.0 = Debug|Any CPU
		{6FBCD41F-6BC3-45AA-A0CB-EC85E57C4CD2}.Release|Any CPU.ActiveCfg = Release|Any CPU
		{6FBCD41F-6BC3-45AA-A0CB-EC85E57C4CD2}.Release|Any CPU.Build.0 = Release|Any CPU
	EndGlobalSection
	GlobalSection(SolutionProperties) = preSolution
		HideSolutionNode = FALSE
	EndGlobalSection
EndGlobal
